
Microsoft Visual Studio Solution File, Format Version 12.00
# Visual Studio Version 17
VisualStudioVersion = 17.3.32901.215
MinimumVisualStudioVersion = 10.0.40219.1
Project("{FAE04EC0-301F-11D3-BF4B-00C04F79EFBC}") = "BackendPeluqueria", "BackendPeluqueria\BackendPeluqueria.csproj", "{351D3E3F-146D-4128-9C71-8FB28B63D48E}"
EndProject
Project("{FAE04EC0-301F-11D3-BF4B-00C04F79EFBC}") = "BackendPeluqueria.Data", "BackendPeluqueria.Data\BackendPeluqueria.Data.csproj", "{1E42C458-2CA8-48F4-A1B3-6E72075D87F6}"
EndProject
Project("{FAE04EC0-301F-11D3-BF4B-00C04F79EFBC}") = "BackendPeluqueria.Model", "BackendPeluqueria.Model\BackendPeluqueria.Model.csproj", "{3686E541-C57E-4F74-8394-101160BD97A9}"
EndProject
Global
	GlobalSection(SolutionConfigurationPlatforms) = preSolution
		Debug|Any CPU = Debug|Any CPU
		Release|Any CPU = Release|Any CPU
	EndGlobalSection
	GlobalSection(ProjectConfigurationPlatforms) = postSolution
		{351D3E3F-146D-4128-9C71-8FB28B63D48E}.Debug|Any CPU.ActiveCfg = Debug|Any CPU
		{351D3E3F-146D-4128-9C71-8FB28B63D48E}.Debug|Any CPU.Build.0 = Debug|Any CPU
		{351D3E3F-146D-4128-9C71-8FB28B63D48E}.Release|Any CPU.ActiveCfg = Release|Any CPU
		{351D3E3F-146D-4128-9C71-8FB28B63D48E}.Release|Any CPU.Build.0 = Release|Any CPU
		{1E42C458-2CA8-48F4-A1B3-6E72075D87F6}.Debug|Any CPU.ActiveCfg = Debug|Any CPU
		{1E42C458-2CA8-48F4-A1B3-6E72075D87F6}.Debug|Any CPU.Build.0 = Debug|Any CPU
		{1E42C458-2CA8-48F4-A1B3-6E72075D87F6}.Release|Any CPU.ActiveCfg = Release|Any CPU
		{1E42C458-2CA8-48F4-A1B3-6E72075D87F6}.Release|Any CPU.Build.0 = Release|Any CPU
		{3686E541-C57E-4F74-8394-101160BD97A9}.Debug|Any CPU.ActiveCfg = Debug|Any CPU
		{3686E541-C57E-4F74-8394-101160BD97A9}.Debug|Any CPU.Build.0 = Debug|Any CPU
		{3686E541-C57E-4F74-8394-101160BD97A9}.Release|Any CPU.ActiveCfg = Release|Any CPU
		{3686E541-C57E-4F74-8394-101160BD97A9}.Release|Any CPU.Build.0 = Release|Any CPU
	EndGlobalSection
	GlobalSection(SolutionProperties) = preSolution
		HideSolutionNode = FALSE
	EndGlobalSection
	GlobalSection(ExtensibilityGlobals) = postSolution
		SolutionGuid = {889C3517-7573-4B36-A90A-1451CD4BEDE9}
	EndGlobalSection
EndGlobal
